
Microsoft Visual Studio Solution File, Format Version 12.00
# Visual Studio Version 17
VisualStudioVersion = 17.6.33829.357
MinimumVisualStudioVersion = 10.0.40219.1
Project("{2150E333-8FDC-42A3-9474-1A3956D46DE8}") = "Foundation", "Foundation", "{B57FD1D3-5D31-4838-9AD9-2C352325274B}"
EndProject
Project("{2150E333-8FDC-42A3-9474-1A3956D46DE8}") = "Feature", "Feature", "{EDA2FBE2-513F-487E-8150-4CE502BCFC30}"
EndProject
Project("{2150E333-8FDC-42A3-9474-1A3956D46DE8}") = "Project", "Project", "{63476CE8-A332-4AF1-87FA-D903210C1D34}"
EndProject
Project("{2150E333-8FDC-42A3-9474-1A3956D46DE8}") = "SitecoreExtension", "SitecoreExtension", "{3BEA3820-78B2-43F6-9714-2F6A53CB7C5E}"
EndProject
Project("{2150E333-8FDC-42A3-9474-1A3956D46DE8}") = "Website", "Website", "{B23BDED4-422F-4CE7-814A-1867EF4CB47B}"
EndProject
Project("{FAE04EC0-301F-11D3-BF4B-00C04F79EFBC}") = "MedProSC.Project.Website", "src\Project\website\code\MedProSC.Project.Website.csproj", "{A9157F8E-30E7-4B1B-AD7D-366D3CDF2869}"
EndProject
Project("{FAE04EC0-301F-11D3-BF4B-00C04F79EFBC}") = "MedProSC.Foundation.SitecoreExtension", "src\Foundation\SitecoreExtension\code\MedProSC.Foundation.SitecoreExtension.csproj", "{1D478963-3BA6-4BE7-8C92-8E6E1E79453C}"
EndProject
Project("{2150E333-8FDC-42A3-9474-1A3956D46DE8}") = "Configuration", "Configuration", "{762B5C9D-FF6E-472C-933D-A588C8391444}"
	ProjectSection(SolutionItems) = preProject
		gulp-config.js = gulp-config.js
		gulpfile.js = gulpfile.js
		package.json = package.json
	EndProjectSection
EndProject
Project("{2150E333-8FDC-42A3-9474-1A3956D46DE8}") = "ManualForms", "ManualForms", "{DCCD795D-2279-400C-8A66-8E6723A5C5C9}"
EndProject
Project("{2150E333-8FDC-42A3-9474-1A3956D46DE8}") = "OnlinePayment", "OnlinePayment", "{0C9A8AEE-915D-4F9F-929A-AC84407BFB97}"
EndProject
Project("{2150E333-8FDC-42A3-9474-1A3956D46DE8}") = "Security", "Security", "{46AD8305-BF67-45F5-9AD8-26F280D42B6B}"
EndProject
Project("{FAE04EC0-301F-11D3-BF4B-00C04F79EFBC}") = "MedProSC.Foundation.Security", "src\Foundation\Security\code\MedProSC.Foundation.Security.csproj", "{9D1E5558-FC94-4592-A95B-39D3099F2458}"
EndProject
Project("{FAE04EC0-301F-11D3-BF4B-00C04F79EFBC}") = "MedProSC.Feature.ManualForms", "src\Feature\ManualForms\code\MedProSC.Feature.ManualForms.csproj", "{E9DB1E6B-3D9A-466B-B298-FCD4175329DD}"
EndProject
Project("{FAE04EC0-301F-11D3-BF4B-00C04F79EFBC}") = "MedProsSC.Feature.OnlinePayment", "src\Feature\OnlinePayment\code\MedProsSC.Feature.OnlinePayment.csproj", "{1EBCA78D-62FC-4CEA-B200-8DDEB9C4A671}"
EndProject
Global
	GlobalSection(SolutionConfigurationPlatforms) = preSolution
		Debug|Any CPU = Debug|Any CPU
		Release|Any CPU = Release|Any CPU
	EndGlobalSection
	GlobalSection(ProjectConfigurationPlatforms) = postSolution
		{A9157F8E-30E7-4B1B-AD7D-366D3CDF2869}.Debug|Any CPU.ActiveCfg = Debug|Any CPU
		{A9157F8E-30E7-4B1B-AD7D-366D3CDF2869}.Debug|Any CPU.Build.0 = Debug|Any CPU
		{A9157F8E-30E7-4B1B-AD7D-366D3CDF2869}.Release|Any CPU.ActiveCfg = Release|Any CPU
		{A9157F8E-30E7-4B1B-AD7D-366D3CDF2869}.Release|Any CPU.Build.0 = Release|Any CPU
		{1D478963-3BA6-4BE7-8C92-8E6E1E79453C}.Debug|Any CPU.ActiveCfg = Debug|Any CPU
		{1D478963-3BA6-4BE7-8C92-8E6E1E79453C}.Debug|Any CPU.Build.0 = Debug|Any CPU
		{1D478963-3BA6-4BE7-8C92-8E6E1E79453C}.Release|Any CPU.ActiveCfg = Release|Any CPU
		{1D478963-3BA6-4BE7-8C92-8E6E1E79453C}.Release|Any CPU.Build.0 = Release|Any CPU
		{9D1E5558-FC94-4592-A95B-39D3099F2458}.Debug|Any CPU.ActiveCfg = Debug|Any CPU
		{9D1E5558-FC94-4592-A95B-39D3099F2458}.Debug|Any CPU.Build.0 = Debug|Any CPU
		{9D1E5558-FC94-4592-A95B-39D3099F2458}.Release|Any CPU.ActiveCfg = Release|Any CPU
		{9D1E5558-FC94-4592-A95B-39D3099F2458}.Release|Any CPU.Build.0 = Release|Any CPU
		{E9DB1E6B-3D9A-466B-B298-FCD4175329DD}.Debug|Any CPU.ActiveCfg = Debug|Any CPU
		{E9DB1E6B-3D9A-466B-B298-FCD4175329DD}.Debug|Any CPU.Build.0 = Debug|Any CPU
		{E9DB1E6B-3D9A-466B-B298-FCD4175329DD}.Release|Any CPU.ActiveCfg = Release|Any CPU
		{E9DB1E6B-3D9A-466B-B298-FCD4175329DD}.Release|Any CPU.Build.0 = Release|Any CPU
		{1EBCA78D-62FC-4CEA-B200-8DDEB9C4A671}.Debug|Any CPU.ActiveCfg = Debug|Any CPU
		{1EBCA78D-62FC-4CEA-B200-8DDEB9C4A671}.Debug|Any CPU.Build.0 = Debug|Any CPU
		{1EBCA78D-62FC-4CEA-B200-8DDEB9C4A671}.Release|Any CPU.ActiveCfg = Release|Any CPU
		{1EBCA78D-62FC-4CEA-B200-8DDEB9C4A671}.Release|Any CPU.Build.0 = Release|Any CPU
	EndGlobalSection
	GlobalSection(SolutionProperties) = preSolution
		HideSolutionNode = FALSE
	EndGlobalSection
	GlobalSection(NestedProjects) = preSolution
		{3BEA3820-78B2-43F6-9714-2F6A53CB7C5E} = {B57FD1D3-5D31-4838-9AD9-2C352325274B}
		{B23BDED4-422F-4CE7-814A-1867EF4CB47B} = {63476CE8-A332-4AF1-87FA-D903210C1D34}
		{A9157F8E-30E7-4B1B-AD7D-366D3CDF2869} = {B23BDED4-422F-4CE7-814A-1867EF4CB47B}
		{1D478963-3BA6-4BE7-8C92-8E6E1E79453C} = {3BEA3820-78B2-43F6-9714-2F6A53CB7C5E}
		{DCCD795D-2279-400C-8A66-8E6723A5C5C9} = {EDA2FBE2-513F-487E-8150-4CE502BCFC30}
		{0C9A8AEE-915D-4F9F-929A-AC84407BFB97} = {EDA2FBE2-513F-487E-8150-4CE502BCFC30}
		{46AD8305-BF67-45F5-9AD8-26F280D42B6B} = {B57FD1D3-5D31-4838-9AD9-2C352325274B}
		{9D1E5558-FC94-4592-A95B-39D3099F2458} = {46AD8305-BF67-45F5-9AD8-26F280D42B6B}
		{E9DB1E6B-3D9A-466B-B298-FCD4175329DD} = {DCCD795D-2279-400C-8A66-8E6723A5C5C9}
		{1EBCA78D-62FC-4CEA-B200-8DDEB9C4A671} = {0C9A8AEE-915D-4F9F-929A-AC84407BFB97}
	EndGlobalSection
	GlobalSection(ExtensibilityGlobals) = postSolution
		SolutionGuid = {5FD92185-6CAB-43F2-9FC1-04703B8D0E8C}
		EnterpriseLibraryConfigurationToolBinariesPathV6 = packages\EnterpriseLibrary.Common.6.0.1304.0\lib\NET45;packages\EnterpriseLibrary.TransientFaultHandling.6.0.1304.0\lib\portable-net45+win+wp8;packages\EnterpriseLibrary.TransientFaultHandling.Caching.6.0.1304.0\lib\NET45;packages\EnterpriseLibrary.TransientFaultHandling.Data.6.0.1304.1\lib\NET45;packages\EnterpriseLibrary.TransientFaultHandling.ServiceBus.6.0.1304.0\lib\NET45;packages\EnterpriseLibrary.TransientFaultHandling.WindowsAzure.Storage.6.0.1304.0\lib\NET45;packages\EnterpriseLibrary.TransientFaultHandling.Configuration.6.0.1304.0\lib\NET45
	EndGlobalSection
EndGlobal
